
Microsoft Visual Studio Solution File, Format Version 12.00
# Visual Studio Version 16
VisualStudioVersion = 16.0.28803.202
MinimumVisualStudioVersion = 10.0.40219.1
Project("{FAE04EC0-301F-11D3-BF4B-00C04F79EFBC}") = "Project", "Project\Project.csproj", "{52C3B6EB-FEA9-4B56-B7B5-D68BC5D86C09}"
EndProject
Global
	GlobalSection(SolutionConfigurationPlatforms) = preSolution
		Debug|Any CPU = Debug|Any CPU
		Release|Any CPU = Release|Any CPU
	EndGlobalSection
	GlobalSection(ProjectConfigurationPlatforms) = postSolution
		{52C3B6EB-FEA9-4B56-B7B5-D68BC5D86C09}.Debug|Any CPU.ActiveCfg = Debug|Any CPU
		{52C3B6EB-FEA9-4B56-B7B5-D68BC5D86C09}.Debug|Any CPU.Build.0 = Debug|Any CPU
		{52C3B6EB-FEA9-4B56-B7B5-D68BC5D86C09}.Release|Any CPU.ActiveCfg = Release|Any CPU
		{52C3B6EB-FEA9-4B56-B7B5-D68BC5D86C09}.Release|Any CPU.Build.0 = Release|Any CPU
	EndGlobalSection
	GlobalSection(SolutionProperties) = preSolution
		HideSolutionNode = FALSE
	EndGlobalSection
	GlobalSection(ExtensibilityGlobals) = postSolution
		SolutionGuid = {88E45AA9-72B1-48F9-8945-2C6F4C1DB741}
	EndGlobalSection
EndGlobal
